
Microsoft Visual Studio Solution File, Format Version 12.00
# Visual Studio Version 16
VisualStudioVersion = 16.0.29609.76
MinimumVisualStudioVersion = 10.0.40219.1
Project("{FAE04EC0-301F-11D3-BF4B-00C04F79EFBC}") = "Converter", "Converter\Converter.csproj", "{C1078431-E368-4995-8C96-41D2E5B67F9A}"
EndProject
Global
	GlobalSection(SolutionConfigurationPlatforms) = preSolution
		Debug|Any CPU = Debug|Any CPU
		Release|Any CPU = Release|Any CPU
	EndGlobalSection
	GlobalSection(ProjectConfigurationPlatforms) = postSolution
		{C1078431-E368-4995-8C96-41D2E5B67F9A}.Debug|Any CPU.ActiveCfg = Debug|Any CPU
		{C1078431-E368-4995-8C96-41D2E5B67F9A}.Debug|Any CPU.Build.0 = Debug|Any CPU
		{C1078431-E368-4995-8C96-41D2E5B67F9A}.Release|Any CPU.ActiveCfg = Release|Any CPU
		{C1078431-E368-4995-8C96-41D2E5B67F9A}.Release|Any CPU.Build.0 = Release|Any CPU
	EndGlobalSection
	GlobalSection(SolutionProperties) = preSolution
		HideSolutionNode = FALSE
	EndGlobalSection
	GlobalSection(ExtensibilityGlobals) = postSolution
		SolutionGuid = {03EFF08B-7A22-49C4-ADAF-1DB521BC3B06}
	EndGlobalSection
EndGlobal
